
Microsoft Visual Studio Solution File, Format Version 12.00
# Visual Studio Version 17
VisualStudioVersion = 17.11.35327.3
MinimumVisualStudioVersion = 10.0.40219.1
Project("{FAE04EC0-301F-11D3-BF4B-00C04F79EFBC}") = "HelloWorld", "HelloWorld.csproj", "{83A81E14-B11E-411F-AAC0-8657AB25A0AE}"
EndProject
Global
	GlobalSection(SolutionConfigurationPlatforms) = preSolution
		Debug|Any CPU = Debug|Any CPU
		Release|Any CPU = Release|Any CPU
	EndGlobalSection
	GlobalSection(ProjectConfigurationPlatforms) = postSolution
		{83A81E14-B11E-411F-AAC0-8657AB25A0AE}.Debug|Any CPU.ActiveCfg = Debug|Any CPU
		{83A81E14-B11E-411F-AAC0-8657AB25A0AE}.Debug|Any CPU.Build.0 = Debug|Any CPU
		{83A81E14-B11E-411F-AAC0-8657AB25A0AE}.Release|Any CPU.ActiveCfg = Release|Any CPU
		{83A81E14-B11E-411F-AAC0-8657AB25A0AE}.Release|Any CPU.Build.0 = Release|Any CPU
	EndGlobalSection
	GlobalSection(SolutionProperties) = preSolution
		HideSolutionNode = FALSE
	EndGlobalSection
	GlobalSection(ExtensibilityGlobals) = postSolution
		SolutionGuid = {6206E070-016B-4BB3-A448-5233E7795701}
	EndGlobalSection
EndGlobal
