
Microsoft Visual Studio Solution File, Format Version 12.00
# Visual Studio Version 17
VisualStudioVersion = 17.7.34221.43
MinimumVisualStudioVersion = 10.0.40219.1
Project("{FAE04EC0-301F-11D3-BF4B-00C04F79EFBC}") = "AbstractVehicle", "AbstractVehicle.csproj", "{FF5547F8-D1C3-4103-9844-51809E0CB15D}"
EndProject
Global
	GlobalSection(SolutionConfigurationPlatforms) = preSolution
		Debug|Any CPU = Debug|Any CPU
		Release|Any CPU = Release|Any CPU
	EndGlobalSection
	GlobalSection(ProjectConfigurationPlatforms) = postSolution
		{FF5547F8-D1C3-4103-9844-51809E0CB15D}.Debug|Any CPU.ActiveCfg = Debug|Any CPU
		{FF5547F8-D1C3-4103-9844-51809E0CB15D}.Debug|Any CPU.Build.0 = Debug|Any CPU
		{FF5547F8-D1C3-4103-9844-51809E0CB15D}.Release|Any CPU.ActiveCfg = Release|Any CPU
		{FF5547F8-D1C3-4103-9844-51809E0CB15D}.Release|Any CPU.Build.0 = Release|Any CPU
	EndGlobalSection
	GlobalSection(SolutionProperties) = preSolution
		HideSolutionNode = FALSE
	EndGlobalSection
	GlobalSection(ExtensibilityGlobals) = postSolution
		SolutionGuid = {4269117D-BE46-416E-B49B-9174473D60B9}
	EndGlobalSection
EndGlobal
