
Microsoft Visual Studio Solution File, Format Version 12.00
# Visual Studio Version 17
VisualStudioVersion = 17.14.36511.14 d17.14
MinimumVisualStudioVersion = 10.0.40219.1
Project("{FAE04EC0-301F-11D3-BF4B-00C04F79EFBC}") = "DynamickyList", "DynamickyList.csproj", "{D1951E5E-9183-4EF0-8245-6EF8F4FAE60C}"
EndProject
Global
	GlobalSection(SolutionConfigurationPlatforms) = preSolution
		Debug|Any CPU = Debug|Any CPU
		Release|Any CPU = Release|Any CPU
	EndGlobalSection
	GlobalSection(ProjectConfigurationPlatforms) = postSolution
		{D1951E5E-9183-4EF0-8245-6EF8F4FAE60C}.Debug|Any CPU.ActiveCfg = Debug|Any CPU
		{D1951E5E-9183-4EF0-8245-6EF8F4FAE60C}.Debug|Any CPU.Build.0 = Debug|Any CPU
		{D1951E5E-9183-4EF0-8245-6EF8F4FAE60C}.Release|Any CPU.ActiveCfg = Release|Any CPU
		{D1951E5E-9183-4EF0-8245-6EF8F4FAE60C}.Release|Any CPU.Build.0 = Release|Any CPU
	EndGlobalSection
	GlobalSection(SolutionProperties) = preSolution
		HideSolutionNode = FALSE
	EndGlobalSection
	GlobalSection(ExtensibilityGlobals) = postSolution
		SolutionGuid = {212FCBC5-5751-4FD8-9913-D42EBE9EAC0F}
	EndGlobalSection
EndGlobal
