
Microsoft Visual Studio Solution File, Format Version 12.00
# Visual Studio Version 17
VisualStudioVersion = 17.7.34221.43
MinimumVisualStudioVersion = 10.0.40219.1
Project("{FAE04EC0-301F-11D3-BF4B-00C04F79EFBC}") = "DesertyDedicnost", "DesertyDedicnost.csproj", "{B29D2193-C6F1-4735-A3AC-2EBD3B99B061}"
EndProject
Global
	GlobalSection(SolutionConfigurationPlatforms) = preSolution
		Debug|Any CPU = Debug|Any CPU
		Release|Any CPU = Release|Any CPU
	EndGlobalSection
	GlobalSection(ProjectConfigurationPlatforms) = postSolution
		{B29D2193-C6F1-4735-A3AC-2EBD3B99B061}.Debug|Any CPU.ActiveCfg = Debug|Any CPU
		{B29D2193-C6F1-4735-A3AC-2EBD3B99B061}.Debug|Any CPU.Build.0 = Debug|Any CPU
		{B29D2193-C6F1-4735-A3AC-2EBD3B99B061}.Release|Any CPU.ActiveCfg = Release|Any CPU
		{B29D2193-C6F1-4735-A3AC-2EBD3B99B061}.Release|Any CPU.Build.0 = Release|Any CPU
	EndGlobalSection
	GlobalSection(SolutionProperties) = preSolution
		HideSolutionNode = FALSE
	EndGlobalSection
	GlobalSection(ExtensibilityGlobals) = postSolution
		SolutionGuid = {02675D38-14CE-4745-A8B2-58DB555B39D4}
	EndGlobalSection
EndGlobal
