
Microsoft Visual Studio Solution File, Format Version 12.00
# Visual Studio Version 17
VisualStudioVersion = 17.14.36623.8 d17.14
MinimumVisualStudioVersion = 10.0.40219.1
Project("{FAE04EC0-301F-11D3-BF4B-00C04F79EFBC}") = "TridyOpakovani", "TridyOpakovani.csproj", "{A459F639-F3E7-40BA-B3FD-17E5ED5A6C92}"
EndProject
Global
	GlobalSection(SolutionConfigurationPlatforms) = preSolution
		Debug|Any CPU = Debug|Any CPU
		Release|Any CPU = Release|Any CPU
	EndGlobalSection
	GlobalSection(ProjectConfigurationPlatforms) = postSolution
		{A459F639-F3E7-40BA-B3FD-17E5ED5A6C92}.Debug|Any CPU.ActiveCfg = Debug|Any CPU
		{A459F639-F3E7-40BA-B3FD-17E5ED5A6C92}.Debug|Any CPU.Build.0 = Debug|Any CPU
		{A459F639-F3E7-40BA-B3FD-17E5ED5A6C92}.Release|Any CPU.ActiveCfg = Release|Any CPU
		{A459F639-F3E7-40BA-B3FD-17E5ED5A6C92}.Release|Any CPU.Build.0 = Release|Any CPU
	EndGlobalSection
	GlobalSection(SolutionProperties) = preSolution
		HideSolutionNode = FALSE
	EndGlobalSection
	GlobalSection(ExtensibilityGlobals) = postSolution
		SolutionGuid = {38784C9E-656B-4888-8E92-FF0CE54350C4}
	EndGlobalSection
EndGlobal
