
Microsoft Visual Studio Solution File, Format Version 12.00
# Visual Studio Version 17
VisualStudioVersion = 17.7.34221.43
MinimumVisualStudioVersion = 10.0.40219.1
Project("{FAE04EC0-301F-11D3-BF4B-00C04F79EFBC}") = "fibonacci_rekurze", "fibonacci_rekurze\fibonacci_rekurze.csproj", "{2603850F-580C-463D-B383-58B8C4BBABE7}"
EndProject
Global
	GlobalSection(SolutionConfigurationPlatforms) = preSolution
		Debug|Any CPU = Debug|Any CPU
		Release|Any CPU = Release|Any CPU
	EndGlobalSection
	GlobalSection(ProjectConfigurationPlatforms) = postSolution
		{2603850F-580C-463D-B383-58B8C4BBABE7}.Debug|Any CPU.ActiveCfg = Debug|Any CPU
		{2603850F-580C-463D-B383-58B8C4BBABE7}.Debug|Any CPU.Build.0 = Debug|Any CPU
		{2603850F-580C-463D-B383-58B8C4BBABE7}.Release|Any CPU.ActiveCfg = Release|Any CPU
		{2603850F-580C-463D-B383-58B8C4BBABE7}.Release|Any CPU.Build.0 = Release|Any CPU
	EndGlobalSection
	GlobalSection(SolutionProperties) = preSolution
		HideSolutionNode = FALSE
	EndGlobalSection
	GlobalSection(ExtensibilityGlobals) = postSolution
		SolutionGuid = {E9A6633F-E7D8-40DA-A2ED-CB2FE4FA512A}
	EndGlobalSection
EndGlobal
