
Microsoft Visual Studio Solution File, Format Version 12.00
# Visual Studio Version 17
VisualStudioVersion = 17.14.36414.22 d17.14
MinimumVisualStudioVersion = 10.0.40219.1
Project("{FAE04EC0-301F-11D3-BF4B-00C04F79EFBC}") = "ObjektyInstanceTridy", "ObjektyInstanceTridy.csproj", "{D34DA674-E8BB-4C83-A68E-350D0E805BEE}"
EndProject
Global
	GlobalSection(SolutionConfigurationPlatforms) = preSolution
		Debug|Any CPU = Debug|Any CPU
		Release|Any CPU = Release|Any CPU
	EndGlobalSection
	GlobalSection(ProjectConfigurationPlatforms) = postSolution
		{D34DA674-E8BB-4C83-A68E-350D0E805BEE}.Debug|Any CPU.ActiveCfg = Debug|Any CPU
		{D34DA674-E8BB-4C83-A68E-350D0E805BEE}.Debug|Any CPU.Build.0 = Debug|Any CPU
		{D34DA674-E8BB-4C83-A68E-350D0E805BEE}.Release|Any CPU.ActiveCfg = Release|Any CPU
		{D34DA674-E8BB-4C83-A68E-350D0E805BEE}.Release|Any CPU.Build.0 = Release|Any CPU
	EndGlobalSection
	GlobalSection(SolutionProperties) = preSolution
		HideSolutionNode = FALSE
	EndGlobalSection
	GlobalSection(ExtensibilityGlobals) = postSolution
		SolutionGuid = {AD6C73B6-5EA5-45A6-B301-59776872444B}
	EndGlobalSection
EndGlobal
