
Microsoft Visual Studio Solution File, Format Version 12.00
# Visual Studio Version 17
VisualStudioVersion = 17.14.36414.22
MinimumVisualStudioVersion = 10.0.40219.1
Project("{FAE04EC0-301F-11D3-BF4B-00C04F79EFBC}") = "Knihovna", "Knihovna.csproj", "{5730EEEB-D2B6-4C11-989C-70D2D61ECBBB}"
EndProject
Global
	GlobalSection(SolutionConfigurationPlatforms) = preSolution
		Debug|Any CPU = Debug|Any CPU
		Debug|x64 = Debug|x64
		Release|Any CPU = Release|Any CPU
		Release|x64 = Release|x64
	EndGlobalSection
	GlobalSection(ProjectConfigurationPlatforms) = postSolution
		{5730EEEB-D2B6-4C11-989C-70D2D61ECBBB}.Debug|Any CPU.ActiveCfg = Debug|Any CPU
		{5730EEEB-D2B6-4C11-989C-70D2D61ECBBB}.Debug|Any CPU.Build.0 = Debug|Any CPU
		{5730EEEB-D2B6-4C11-989C-70D2D61ECBBB}.Debug|x64.ActiveCfg = Debug|x64
		{5730EEEB-D2B6-4C11-989C-70D2D61ECBBB}.Debug|x64.Build.0 = Debug|x64
		{5730EEEB-D2B6-4C11-989C-70D2D61ECBBB}.Release|Any CPU.ActiveCfg = Release|Any CPU
		{5730EEEB-D2B6-4C11-989C-70D2D61ECBBB}.Release|Any CPU.Build.0 = Release|Any CPU
		{5730EEEB-D2B6-4C11-989C-70D2D61ECBBB}.Release|x64.ActiveCfg = Release|x64
		{5730EEEB-D2B6-4C11-989C-70D2D61ECBBB}.Release|x64.Build.0 = Release|x64
	EndGlobalSection
	GlobalSection(SolutionProperties) = preSolution
		HideSolutionNode = FALSE
	EndGlobalSection
	GlobalSection(ExtensibilityGlobals) = postSolution
		SolutionGuid = {922A4450-2ABA-4E70-8067-65A97F2E281A}
	EndGlobalSection
EndGlobal
