
Microsoft Visual Studio Solution File, Format Version 12.00
# Visual Studio Version 17
VisualStudioVersion = 17.7.34221.43
MinimumVisualStudioVersion = 10.0.40219.1
Project("{FAE04EC0-301F-11D3-BF4B-00C04F79EFBC}") = "Řazení", "Řazení\Řazení.csproj", "{857BA51A-1B00-46A0-8852-0F828392825F}"
EndProject
Global
	GlobalSection(SolutionConfigurationPlatforms) = preSolution
		Debug|Any CPU = Debug|Any CPU
		Release|Any CPU = Release|Any CPU
	EndGlobalSection
	GlobalSection(ProjectConfigurationPlatforms) = postSolution
		{857BA51A-1B00-46A0-8852-0F828392825F}.Debug|Any CPU.ActiveCfg = Debug|Any CPU
		{857BA51A-1B00-46A0-8852-0F828392825F}.Debug|Any CPU.Build.0 = Debug|Any CPU
		{857BA51A-1B00-46A0-8852-0F828392825F}.Release|Any CPU.ActiveCfg = Release|Any CPU
		{857BA51A-1B00-46A0-8852-0F828392825F}.Release|Any CPU.Build.0 = Release|Any CPU
	EndGlobalSection
	GlobalSection(SolutionProperties) = preSolution
		HideSolutionNode = FALSE
	EndGlobalSection
	GlobalSection(ExtensibilityGlobals) = postSolution
		SolutionGuid = {CC3C4322-2FAA-4984-9AAD-FD245F162F91}
	EndGlobalSection
EndGlobal
