
Microsoft Visual Studio Solution File, Format Version 12.00
# Visual Studio Version 17
VisualStudioVersion = 17.14.36915.13 d17.14
MinimumVisualStudioVersion = 10.0.40219.1
Project("{FAE04EC0-301F-11D3-BF4B-00C04F79EFBC}") = "CokoladaEF", "CokoladaEF.csproj", "{7BFD5C1B-EA5B-4467-927C-F18B1F81F234}"
EndProject
Global
	GlobalSection(SolutionConfigurationPlatforms) = preSolution
		Debug|Any CPU = Debug|Any CPU
		Release|Any CPU = Release|Any CPU
	EndGlobalSection
	GlobalSection(ProjectConfigurationPlatforms) = postSolution
		{7BFD5C1B-EA5B-4467-927C-F18B1F81F234}.Debug|Any CPU.ActiveCfg = Debug|Any CPU
		{7BFD5C1B-EA5B-4467-927C-F18B1F81F234}.Debug|Any CPU.Build.0 = Debug|Any CPU
		{7BFD5C1B-EA5B-4467-927C-F18B1F81F234}.Release|Any CPU.ActiveCfg = Release|Any CPU
		{7BFD5C1B-EA5B-4467-927C-F18B1F81F234}.Release|Any CPU.Build.0 = Release|Any CPU
	EndGlobalSection
	GlobalSection(SolutionProperties) = preSolution
		HideSolutionNode = FALSE
	EndGlobalSection
	GlobalSection(ExtensibilityGlobals) = postSolution
		SolutionGuid = {729FBB27-428C-4A2D-90DD-148EA9868038}
	EndGlobalSection
EndGlobal
