
Microsoft Visual Studio Solution File, Format Version 12.00
# Visual Studio Version 17
VisualStudioVersion = 17.14.36511.14 d17.14
MinimumVisualStudioVersion = 10.0.40219.1
Project("{FAE04EC0-301F-11D3-BF4B-00C04F79EFBC}") = "Test", "Test.csproj", "{04B99CA1-0C1E-4BCD-9362-A6B6C467F45B}"
EndProject
Global
	GlobalSection(SolutionConfigurationPlatforms) = preSolution
		Debug|Any CPU = Debug|Any CPU
		Release|Any CPU = Release|Any CPU
	EndGlobalSection
	GlobalSection(ProjectConfigurationPlatforms) = postSolution
		{04B99CA1-0C1E-4BCD-9362-A6B6C467F45B}.Debug|Any CPU.ActiveCfg = Debug|Any CPU
		{04B99CA1-0C1E-4BCD-9362-A6B6C467F45B}.Debug|Any CPU.Build.0 = Debug|Any CPU
		{04B99CA1-0C1E-4BCD-9362-A6B6C467F45B}.Release|Any CPU.ActiveCfg = Release|Any CPU
		{04B99CA1-0C1E-4BCD-9362-A6B6C467F45B}.Release|Any CPU.Build.0 = Release|Any CPU
	EndGlobalSection
	GlobalSection(SolutionProperties) = preSolution
		HideSolutionNode = FALSE
	EndGlobalSection
	GlobalSection(ExtensibilityGlobals) = postSolution
		SolutionGuid = {4E132C16-1668-489E-AAFE-BC46FB29728D}
	EndGlobalSection
EndGlobal
