
Microsoft Visual Studio Solution File, Format Version 12.00
# Visual Studio Version 17
VisualStudioVersion = 17.7.34221.43
MinimumVisualStudioVersion = 10.0.40219.1
Project("{FAE04EC0-301F-11D3-BF4B-00C04F79EFBC}") = "Interface", "Interface.csproj", "{AC4E7857-3FC4-4799-89F5-35224C158E8D}"
EndProject
Global
	GlobalSection(SolutionConfigurationPlatforms) = preSolution
		Debug|Any CPU = Debug|Any CPU
		Release|Any CPU = Release|Any CPU
	EndGlobalSection
	GlobalSection(ProjectConfigurationPlatforms) = postSolution
		{AC4E7857-3FC4-4799-89F5-35224C158E8D}.Debug|Any CPU.ActiveCfg = Debug|Any CPU
		{AC4E7857-3FC4-4799-89F5-35224C158E8D}.Debug|Any CPU.Build.0 = Debug|Any CPU
		{AC4E7857-3FC4-4799-89F5-35224C158E8D}.Release|Any CPU.ActiveCfg = Release|Any CPU
		{AC4E7857-3FC4-4799-89F5-35224C158E8D}.Release|Any CPU.Build.0 = Release|Any CPU
	EndGlobalSection
	GlobalSection(SolutionProperties) = preSolution
		HideSolutionNode = FALSE
	EndGlobalSection
	GlobalSection(ExtensibilityGlobals) = postSolution
		SolutionGuid = {F1EEC534-5B18-435A-B8BB-8419833668CF}
	EndGlobalSection
EndGlobal
