
Microsoft Visual Studio Solution File, Format Version 12.00
# Visual Studio Version 17
VisualStudioVersion = 17.11.35327.3
MinimumVisualStudioVersion = 10.0.40219.1
Project("{FAE04EC0-301F-11D3-BF4B-00C04F79EFBC}") = "NakupniKosik", "NakupniKosik.csproj", "{8E747B7E-CB76-4BCC-B4F5-8ED733168481}"
EndProject
Global
	GlobalSection(SolutionConfigurationPlatforms) = preSolution
		Debug|Any CPU = Debug|Any CPU
		Release|Any CPU = Release|Any CPU
	EndGlobalSection
	GlobalSection(ProjectConfigurationPlatforms) = postSolution
		{8E747B7E-CB76-4BCC-B4F5-8ED733168481}.Debug|Any CPU.ActiveCfg = Debug|Any CPU
		{8E747B7E-CB76-4BCC-B4F5-8ED733168481}.Debug|Any CPU.Build.0 = Debug|Any CPU
		{8E747B7E-CB76-4BCC-B4F5-8ED733168481}.Release|Any CPU.ActiveCfg = Release|Any CPU
		{8E747B7E-CB76-4BCC-B4F5-8ED733168481}.Release|Any CPU.Build.0 = Release|Any CPU
	EndGlobalSection
	GlobalSection(SolutionProperties) = preSolution
		HideSolutionNode = FALSE
	EndGlobalSection
	GlobalSection(ExtensibilityGlobals) = postSolution
		SolutionGuid = {AB7A1D91-9622-4EB6-AEAE-590609A3B745}
	EndGlobalSection
EndGlobal
