
Microsoft Visual Studio Solution File, Format Version 12.00
# Visual Studio Version 17
VisualStudioVersion = 17.14.36717.8 d17.14
MinimumVisualStudioVersion = 10.0.40219.1
Project("{FAE04EC0-301F-11D3-BF4B-00C04F79EFBC}") = "Test", "Test.csproj", "{BAD9156C-0E3F-46BC-96A0-165144EB4CED}"
EndProject
Global
	GlobalSection(SolutionConfigurationPlatforms) = preSolution
		Debug|Any CPU = Debug|Any CPU
		Release|Any CPU = Release|Any CPU
	EndGlobalSection
	GlobalSection(ProjectConfigurationPlatforms) = postSolution
		{BAD9156C-0E3F-46BC-96A0-165144EB4CED}.Debug|Any CPU.ActiveCfg = Debug|Any CPU
		{BAD9156C-0E3F-46BC-96A0-165144EB4CED}.Debug|Any CPU.Build.0 = Debug|Any CPU
		{BAD9156C-0E3F-46BC-96A0-165144EB4CED}.Release|Any CPU.ActiveCfg = Release|Any CPU
		{BAD9156C-0E3F-46BC-96A0-165144EB4CED}.Release|Any CPU.Build.0 = Release|Any CPU
	EndGlobalSection
	GlobalSection(SolutionProperties) = preSolution
		HideSolutionNode = FALSE
	EndGlobalSection
	GlobalSection(ExtensibilityGlobals) = postSolution
		SolutionGuid = {3F8F48C5-09DB-4219-9768-7337761EF6AD}
	EndGlobalSection
EndGlobal
