
Microsoft Visual Studio Solution File, Format Version 12.00
# Visual Studio Version 17
VisualStudioVersion = 17.7.34221.43
MinimumVisualStudioVersion = 10.0.40219.1
Project("{FAE04EC0-301F-11D3-BF4B-00C04F79EFBC}") = "DialogovaOkna", "DialogovaOkna.csproj", "{9E713B13-13D1-4D30-8D19-2CB67B99A5B5}"
EndProject
Global
	GlobalSection(SolutionConfigurationPlatforms) = preSolution
		Debug|Any CPU = Debug|Any CPU
		Release|Any CPU = Release|Any CPU
	EndGlobalSection
	GlobalSection(ProjectConfigurationPlatforms) = postSolution
		{9E713B13-13D1-4D30-8D19-2CB67B99A5B5}.Debug|Any CPU.ActiveCfg = Debug|Any CPU
		{9E713B13-13D1-4D30-8D19-2CB67B99A5B5}.Debug|Any CPU.Build.0 = Debug|Any CPU
		{9E713B13-13D1-4D30-8D19-2CB67B99A5B5}.Release|Any CPU.ActiveCfg = Release|Any CPU
		{9E713B13-13D1-4D30-8D19-2CB67B99A5B5}.Release|Any CPU.Build.0 = Release|Any CPU
	EndGlobalSection
	GlobalSection(SolutionProperties) = preSolution
		HideSolutionNode = FALSE
	EndGlobalSection
	GlobalSection(ExtensibilityGlobals) = postSolution
		SolutionGuid = {37A58EDC-D423-4C9D-9B62-36D104601536}
	EndGlobalSection
EndGlobal
