
Microsoft Visual Studio Solution File, Format Version 12.00
# Visual Studio Version 17
VisualStudioVersion = 17.11.35327.3
MinimumVisualStudioVersion = 10.0.40219.1
Project("{FAE04EC0-301F-11D3-BF4B-00C04F79EFBC}") = "DatabazeUvod", "DatabazeUvod.csproj", "{64099C84-5CA5-44D9-A52C-AF6494DFB79B}"
EndProject
Global
	GlobalSection(SolutionConfigurationPlatforms) = preSolution
		Debug|Any CPU = Debug|Any CPU
		Release|Any CPU = Release|Any CPU
	EndGlobalSection
	GlobalSection(ProjectConfigurationPlatforms) = postSolution
		{64099C84-5CA5-44D9-A52C-AF6494DFB79B}.Debug|Any CPU.ActiveCfg = Debug|Any CPU
		{64099C84-5CA5-44D9-A52C-AF6494DFB79B}.Debug|Any CPU.Build.0 = Debug|Any CPU
		{64099C84-5CA5-44D9-A52C-AF6494DFB79B}.Release|Any CPU.ActiveCfg = Release|Any CPU
		{64099C84-5CA5-44D9-A52C-AF6494DFB79B}.Release|Any CPU.Build.0 = Release|Any CPU
	EndGlobalSection
	GlobalSection(SolutionProperties) = preSolution
		HideSolutionNode = FALSE
	EndGlobalSection
	GlobalSection(ExtensibilityGlobals) = postSolution
		SolutionGuid = {4846415C-C9D4-4D6B-96BC-C67ED7B4F16F}
	EndGlobalSection
EndGlobal
